
Microsoft Visual Studio Solution File, Format Version 12.00
# Visual Studio Version 17
VisualStudioVersion = 17.9.34607.119
MinimumVisualStudioVersion = 10.0.40219.1
Project("{9A19103F-16F7-4668-BE54-9A1E7A4F7556}") = "AspDcBot", "AspDcBot\AspDcBot.csproj", "{63364112-CEBF-47BC-8AC7-4298F0E418BD}"
EndProject
Project("{2150E333-8FDC-42A3-9474-1A3956D46DE8}") = "Solution Items", "Solution Items", "{59F50B62-04EA-4F13-8A6D-882389B8CC2A}"
	ProjectSection(SolutionItems) = preProject
		.editorconfig = .editorconfig
	EndProjectSection
EndProject
Global
	GlobalSection(SolutionConfigurationPlatforms) = preSolution
		Debug|Any CPU = Debug|Any CPU
		Release|Any CPU = Release|Any CPU
	EndGlobalSection
	GlobalSection(ProjectConfigurationPlatforms) = postSolution
		{63364112-CEBF-47BC-8AC7-4298F0E418BD}.Debug|Any CPU.ActiveCfg = Debug|Any CPU
		{63364112-CEBF-47BC-8AC7-4298F0E418BD}.Debug|Any CPU.Build.0 = Debug|Any CPU
		{63364112-CEBF-47BC-8AC7-4298F0E418BD}.Release|Any CPU.ActiveCfg = Release|Any CPU
		{63364112-CEBF-47BC-8AC7-4298F0E418BD}.Release|Any CPU.Build.0 = Release|Any CPU
	EndGlobalSection
	GlobalSection(SolutionProperties) = preSolution
		HideSolutionNode = FALSE
	EndGlobalSection
	GlobalSection(ExtensibilityGlobals) = postSolution
		SolutionGuid = {390A6ADA-2278-4A53-94A7-385D77A2EFFF}
	EndGlobalSection
EndGlobal
