
Microsoft Visual Studio Solution File, Format Version 12.00
# Visual Studio Version 17
VisualStudioVersion = 17.9.34607.119
MinimumVisualStudioVersion = 10.0.40219.1
Project("{FAE04EC0-301F-11D3-BF4B-00C04F79EFBC}") = "DonDumbledore.Logic", "DonDumbledore.Logic\DonDumbledore.Logic.csproj", "{61EBC50A-11A9-4E83-925E-4B35A74E0ECF}"
EndProject
Project("{FAE04EC0-301F-11D3-BF4B-00C04F79EFBC}") = "DonDumbledore.ConsoleHost", "DonDumbledore.ConsoleHost\DonDumbledore.ConsoleHost.csproj", "{8F361553-A805-4009-93B6-196B465AB6AD}"
EndProject
Global
	GlobalSection(SolutionConfigurationPlatforms) = preSolution
		Debug|Any CPU = Debug|Any CPU
		Debug|x64 = Debug|x64
		Release|Any CPU = Release|Any CPU
		Release|x64 = Release|x64
	EndGlobalSection
	GlobalSection(ProjectConfigurationPlatforms) = postSolution
		{61EBC50A-11A9-4E83-925E-4B35A74E0ECF}.Debug|Any CPU.ActiveCfg = Debug|Any CPU
		{61EBC50A-11A9-4E83-925E-4B35A74E0ECF}.Debug|Any CPU.Build.0 = Debug|Any CPU
		{61EBC50A-11A9-4E83-925E-4B35A74E0ECF}.Debug|x64.ActiveCfg = Debug|Any CPU
		{61EBC50A-11A9-4E83-925E-4B35A74E0ECF}.Debug|x64.Build.0 = Debug|Any CPU
		{61EBC50A-11A9-4E83-925E-4B35A74E0ECF}.Release|Any CPU.ActiveCfg = Release|Any CPU
		{61EBC50A-11A9-4E83-925E-4B35A74E0ECF}.Release|Any CPU.Build.0 = Release|Any CPU
		{61EBC50A-11A9-4E83-925E-4B35A74E0ECF}.Release|x64.ActiveCfg = Release|Any CPU
		{61EBC50A-11A9-4E83-925E-4B35A74E0ECF}.Release|x64.Build.0 = Release|Any CPU
		{8F361553-A805-4009-93B6-196B465AB6AD}.Debug|Any CPU.ActiveCfg = Debug|Any CPU
		{8F361553-A805-4009-93B6-196B465AB6AD}.Debug|Any CPU.Build.0 = Debug|Any CPU
		{8F361553-A805-4009-93B6-196B465AB6AD}.Debug|x64.ActiveCfg = Debug|Any CPU
		{8F361553-A805-4009-93B6-196B465AB6AD}.Debug|x64.Build.0 = Debug|Any CPU
		{8F361553-A805-4009-93B6-196B465AB6AD}.Release|Any CPU.ActiveCfg = Release|Any CPU
		{8F361553-A805-4009-93B6-196B465AB6AD}.Release|Any CPU.Build.0 = Release|Any CPU
		{8F361553-A805-4009-93B6-196B465AB6AD}.Release|x64.ActiveCfg = Release|Any CPU
		{8F361553-A805-4009-93B6-196B465AB6AD}.Release|x64.Build.0 = Release|Any CPU
	EndGlobalSection
	GlobalSection(SolutionProperties) = preSolution
		HideSolutionNode = FALSE
	EndGlobalSection
	GlobalSection(ExtensibilityGlobals) = postSolution
		SolutionGuid = {390A6ADA-2278-4A53-94A7-385D77A2EFFF}
	EndGlobalSection
EndGlobal
